Microsoft Visual Studio Solution File, Format Version 12.00
# Visual Studio 2012
Project("{FAE04EC0-301F-11D3-BF4B-00C04F79EFBC}") = "maze-prototype-1", "maze-prototype-1.csproj", "{64E20AFB-CFE8-4AEC-B9FC-C5406D93BAAD}"
EndProject
Global
	GlobalSection(SolutionConfigurationPlatforms) = preSolution
	Debug|Any CPU = Debug|Any CPU
	ExportDebug|Any CPU = ExportDebug|Any CPU
	ExportRelease|Any CPU = ExportRelease|Any CPU
	EndGlobalSection
	GlobalSection(ProjectConfigurationPlatforms) = postSolution
		{64E20AFB-CFE8-4AEC-B9FC-C5406D93BAAD}.Debug|Any CPU.ActiveCfg = Debug|Any CPU
		{64E20AFB-CFE8-4AEC-B9FC-C5406D93BAAD}.Debug|Any CPU.Build.0 = Debug|Any CPU
		{64E20AFB-CFE8-4AEC-B9FC-C5406D93BAAD}.ExportDebug|Any CPU.ActiveCfg = ExportDebug|Any CPU
		{64E20AFB-CFE8-4AEC-B9FC-C5406D93BAAD}.ExportDebug|Any CPU.Build.0 = ExportDebug|Any CPU
		{64E20AFB-CFE8-4AEC-B9FC-C5406D93BAAD}.ExportRelease|Any CPU.ActiveCfg = ExportRelease|Any CPU
		{64E20AFB-CFE8-4AEC-B9FC-C5406D93BAAD}.ExportRelease|Any CPU.Build.0 = ExportRelease|Any CPU
	EndGlobalSection
EndGlobal
